# THIS IS AN AUTOGENERATED LOCKFILE. DO NOT EDIT DIRECTLY.
# yarn lockfile v1

"@coral-xyz/anchor@^0.30.0":
  version "0.30.0"
  resolved "https://registry.yarnpkg.com/@coral-xyz/anchor/-/anchor-0.30.0.tgz"
  dependencies:
    "@solana/web3.js" "^1.95.0"
    bn.js "^5.2.1"
    bs58 "^5.0.0"
    buffer "^6.0.3"

"@solana/web3.js@^1.95.0":
  version "1.95.0"
  resolved "https://registry.yarnpkg.com/@solana/web3.js/-/web3.js-1.95.0.tgz"
  dependencies:
    bn.js "^5.2.1"
    bs58 "^5.0.0"
    buffer "^6.0.3"

"@types/bn.js@^5.1.0":
  version "5.1.5"
  resolved "https://registry.yarnpkg.com/@types/bn.js/-/bn.js-5.1.5.tgz"

"@types/chai@^4.3.0":
  version "4.3.11"
  resolved "https://registry.yarnpkg.com/@types/chai/-/chai-4.3.11.tgz"

"@types/mocha@^9.0.0":
  version "9.1.1"
  resolved "https://registry.yarnpkg.com/@types/mocha/-/mocha-9.1.1.tgz"

bn.js@^5.2.1:
  version "5.2.1"
  resolved "https://registry.yarnpkg.com/bn.js/-/bn.js-5.2.1.tgz"

bs58@^5.0.0:
  version "5.0.0"
  resolved "https://registry.yarnpkg.com/bs58/-/bs58-5.0.0.tgz"

chai@^4.3.4:
  version "4.3.10"
  resolved "https://registry.yarnpkg.com/chai/-/chai-4.3.10.tgz"

mocha@^9.0.3:
  version "9.2.2"
  resolved "https://registry.yarnpkg.com/mocha/-/mocha-9.2.2.tgz"

ts-mocha@^10.0.0:
  version "10.0.0"
  resolved "https://registry.yarnpkg.com/ts-mocha/-/ts-mocha-10.0.0.tgz"

typescript@^5.0.0:
  version "5.3.3"
  resolved "https://registry.yarnpkg.com/typescript/-/typescript-5.3.3.tgz"
